
Microsoft Visual Studio Solution File, Format Version 10.00
# Visual C++ Express 2008
Project("{8BC9CEB8-8B4A-11D0-8D11-00A0C91BC942}") = "BiPlane", "BiPlane\BiPlane.vcproj", "{037B8DA5-0FF1-4B9A-B492-1EDF97835647}"
EndProject
Global
	GlobalSection(SolutionConfigurationPlatforms) = preSolution
		Debug|Win32 = Debug|Win32
		Release|Win32 = Release|Win32
	EndGlobalSection
	GlobalSection(ProjectConfigurationPlatforms) = postSolution
		{037B8DA5-0FF1-4B9A-B492-1EDF97835647}.Debug|Win32.ActiveCfg = Debug|Win32
		{037B8DA5-0FF1-4B9A-B492-1EDF97835647}.Debug|Win32.Build.0 = Debug|Win32
		{037B8DA5-0FF1-4B9A-B492-1EDF97835647}.Release|Win32.ActiveCfg = Release|Win32
		{037B8DA5-0FF1-4B9A-B492-1EDF97835647}.Release|Win32.Build.0 = Release|Win32
	EndGlobalSection
	GlobalSection(SolutionProperties) = preSolution
		HideSolutionNode = FALSE
	EndGlobalSection
EndGlobal
